
Microsoft Visual Studio Solution File, Format Version 12.00
# Visual Studio Version 16
VisualStudioVersion = 16.0.32228.343
MinimumVisualStudioVersion = 10.0.40219.1
Project("{FAE04EC0-301F-11D3-BF4B-00C04F79EFBC}") = "Maquetacion2.0", "Maquetacion2.0\Maquetacion2.0.csproj", "{799C1005-E320-46C4-8E48-1D8ABC229DD1}"
EndProject
Global
	GlobalSection(SolutionConfigurationPlatforms) = preSolution
		Debug|Any CPU = Debug|Any CPU
		Release|Any CPU = Release|Any CPU
	EndGlobalSection
	GlobalSection(ProjectConfigurationPlatforms) = postSolution
		{799C1005-E320-46C4-8E48-1D8ABC229DD1}.Debug|Any CPU.ActiveCfg = Debug|Any CPU
		{799C1005-E320-46C4-8E48-1D8ABC229DD1}.Debug|Any CPU.Build.0 = Debug|Any CPU
		{799C1005-E320-46C4-8E48-1D8ABC229DD1}.Release|Any CPU.ActiveCfg = Release|Any CPU
		{799C1005-E320-46C4-8E48-1D8ABC229DD1}.Release|Any CPU.Build.0 = Release|Any CPU
	EndGlobalSection
	GlobalSection(SolutionProperties) = preSolution
		HideSolutionNode = FALSE
	EndGlobalSection
	GlobalSection(ExtensibilityGlobals) = postSolution
		SolutionGuid = {DAD71C36-F410-48B0-8EB0-6BB7968991A2}
	EndGlobalSection
EndGlobal
